
Microsoft Visual Studio Solution File, Format Version 12.00
# Visual Studio Version 17
VisualStudioVersion = 17.0.31903.59
MinimumVisualStudioVersion = 10.0.40219.1
Project("{2150E333-8FDC-42A3-9474-1A3956D46DE8}") = "src", "src", "{827E0CD3-B72D-47B6-A68D-7590B98EB39B}"
EndProject
Project("{FAE04EC0-301F-11D3-BF4B-00C04F79EFBC}") = "DPSMeter.Core", "src\DPSMeter.Core\DPSMeter.Core.csproj", "{B8BE9BEB-6117-4126-AA7C-7D856B68CA24}"
EndProject
Project("{FAE04EC0-301F-11D3-BF4B-00C04F79EFBC}") = "DPSMeter.Desktop", "src\DPSMeter.Desktop\DPSMeter.Desktop.csproj", "{46F8E394-9BD7-4580-A2F8-BDB99F9DCFF4}"
EndProject
Project("{FAE04EC0-301F-11D3-BF4B-00C04F79EFBC}") = "DPSMeter.Checks", "tests\DPSMeter.Checks\DPSMeter.Checks.csproj", "{65A9CB4A-E09A-4159-A863-E43165108683}"
EndProject
Project("{FAE04EC0-301F-11D3-BF4B-00C04F79EFBC}") = "DPSMeter.Engine", "src\DPSMeter.Engine\DPSMeter.Engine.csproj", "{B6B6A118-1871-43A4-A0E0-2BEB5CAEA463}"
EndProject
Project("{FAE04EC0-301F-11D3-BF4B-00C04F79EFBC}") = "DPSMeter.EngineChecks", "tests\DPSMeter.EngineChecks\DPSMeter.EngineChecks.csproj", "{F27BC12D-D726-47DC-B861-8DC344EBA150}"
EndProject
Global
	GlobalSection(SolutionConfigurationPlatforms) = preSolution
		Debug|Any CPU = Debug|Any CPU
		Debug|x64 = Debug|x64
		Debug|x86 = Debug|x86
		Release|Any CPU = Release|Any CPU
		Release|x64 = Release|x64
		Release|x86 = Release|x86
	EndGlobalSection
	GlobalSection(ProjectConfigurationPlatforms) = postSolution
		{B8BE9BEB-6117-4126-AA7C-7D856B68CA24}.Debug|Any CPU.ActiveCfg = Debug|Any CPU
		{B8BE9BEB-6117-4126-AA7C-7D856B68CA24}.Debug|Any CPU.Build.0 = Debug|Any CPU
		{B8BE9BEB-6117-4126-AA7C-7D856B68CA24}.Debug|x64.ActiveCfg = Debug|Any CPU
		{B8BE9BEB-6117-4126-AA7C-7D856B68CA24}.Debug|x64.Build.0 = Debug|Any CPU
		{B8BE9BEB-6117-4126-AA7C-7D856B68CA24}.Debug|x86.ActiveCfg = Debug|Any CPU
		{B8BE9BEB-6117-4126-AA7C-7D856B68CA24}.Debug|x86.Build.0 = Debug|Any CPU
		{B8BE9BEB-6117-4126-AA7C-7D856B68CA24}.Release|Any CPU.ActiveCfg = Release|Any CPU
		{B8BE9BEB-6117-4126-AA7C-7D856B68CA24}.Release|Any CPU.Build.0 = Release|Any CPU
		{B8BE9BEB-6117-4126-AA7C-7D856B68CA24}.Release|x64.ActiveCfg = Release|Any CPU
		{B8BE9BEB-6117-4126-AA7C-7D856B68CA24}.Release|x64.Build.0 = Release|Any CPU
		{B8BE9BEB-6117-4126-AA7C-7D856B68CA24}.Release|x86.ActiveCfg = Release|Any CPU
		{B8BE9BEB-6117-4126-AA7C-7D856B68CA24}.Release|x86.Build.0 = Release|Any CPU
		{46F8E394-9BD7-4580-A2F8-BDB99F9DCFF4}.Debug|Any CPU.ActiveCfg = Debug|Any CPU
		{46F8E394-9BD7-4580-A2F8-BDB99F9DCFF4}.Debug|Any CPU.Build.0 = Debug|Any CPU
		{46F8E394-9BD7-4580-A2F8-BDB99F9DCFF4}.Debug|x64.ActiveCfg = Debug|Any CPU
		{46F8E394-9BD7-4580-A2F8-BDB99F9DCFF4}.Debug|x64.Build.0 = Debug|Any CPU
		{46F8E394-9BD7-4580-A2F8-BDB99F9DCFF4}.Debug|x86.ActiveCfg = Debug|Any CPU
		{46F8E394-9BD7-4580-A2F8-BDB99F9DCFF4}.Debug|x86.Build.0 = Debug|Any CPU
		{46F8E394-9BD7-4580-A2F8-BDB99F9DCFF4}.Release|Any CPU.ActiveCfg = Release|Any CPU
		{46F8E394-9BD7-4580-A2F8-BDB99F9DCFF4}.Release|Any CPU.Build.0 = Release|Any CPU
		{46F8E394-9BD7-4580-A2F8-BDB99F9DCFF4}.Release|x64.ActiveCfg = Release|Any CPU
		{46F8E394-9BD7-4580-A2F8-BDB99F9DCFF4}.Release|x64.Build.0 = Release|Any CPU
		{46F8E394-9BD7-4580-A2F8-BDB99F9DCFF4}.Release|x86.ActiveCfg = Release|Any CPU
		{46F8E394-9BD7-4580-A2F8-BDB99F9DCFF4}.Release|x86.Build.0 = Release|Any CPU
		{65A9CB4A-E09A-4159-A863-E43165108683}.Debug|Any CPU.ActiveCfg = Debug|Any CPU
		{65A9CB4A-E09A-4159-A863-E43165108683}.Debug|Any CPU.Build.0 = Debug|Any CPU
		{65A9CB4A-E09A-4159-A863-E43165108683}.Debug|x64.ActiveCfg = Debug|Any CPU
		{65A9CB4A-E09A-4159-A863-E43165108683}.Debug|x64.Build.0 = Debug|Any CPU
		{65A9CB4A-E09A-4159-A863-E43165108683}.Debug|x86.ActiveCfg = Debug|Any CPU
		{65A9CB4A-E09A-4159-A863-E43165108683}.Debug|x86.Build.0 = Debug|Any CPU
		{65A9CB4A-E09A-4159-A863-E43165108683}.Release|Any CPU.ActiveCfg = Release|Any CPU
		{65A9CB4A-E09A-4159-A863-E43165108683}.Release|Any CPU.Build.0 = Release|Any CPU
		{65A9CB4A-E09A-4159-A863-E43165108683}.Release|x64.ActiveCfg = Release|Any CPU
		{65A9CB4A-E09A-4159-A863-E43165108683}.Release|x64.Build.0 = Release|Any CPU
		{65A9CB4A-E09A-4159-A863-E43165108683}.Release|x86.ActiveCfg = Release|Any CPU
		{65A9CB4A-E09A-4159-A863-E43165108683}.Release|x86.Build.0 = Release|Any CPU
		{B6B6A118-1871-43A4-A0E0-2BEB5CAEA463}.Debug|Any CPU.ActiveCfg = Debug|Any CPU
		{B6B6A118-1871-43A4-A0E0-2BEB5CAEA463}.Debug|Any CPU.Build.0 = Debug|Any CPU
		{B6B6A118-1871-43A4-A0E0-2BEB5CAEA463}.Debug|x64.ActiveCfg = Debug|Any CPU
		{B6B6A118-1871-43A4-A0E0-2BEB5CAEA463}.Debug|x64.Build.0 = Debug|Any CPU
		{B6B6A118-1871-43A4-A0E0-2BEB5CAEA463}.Debug|x86.ActiveCfg = Debug|Any CPU
		{B6B6A118-1871-43A4-A0E0-2BEB5CAEA463}.Debug|x86.Build.0 = Debug|Any CPU
		{B6B6A118-1871-43A4-A0E0-2BEB5CAEA463}.Release|Any CPU.ActiveCfg = Release|Any CPU
		{B6B6A118-1871-43A4-A0E0-2BEB5CAEA463}.Release|Any CPU.Build.0 = Release|Any CPU
		{B6B6A118-1871-43A4-A0E0-2BEB5CAEA463}.Release|x64.ActiveCfg = Release|Any CPU
		{B6B6A118-1871-43A4-A0E0-2BEB5CAEA463}.Release|x64.Build.0 = Release|Any CPU
		{B6B6A118-1871-43A4-A0E0-2BEB5CAEA463}.Release|x86.ActiveCfg = Release|Any CPU
		{B6B6A118-1871-43A4-A0E0-2BEB5CAEA463}.Release|x86.Build.0 = Release|Any CPU
		{F27BC12D-D726-47DC-B861-8DC344EBA150}.Debug|Any CPU.ActiveCfg = Debug|Any CPU
		{F27BC12D-D726-47DC-B861-8DC344EBA150}.Debug|Any CPU.Build.0 = Debug|Any CPU
		{F27BC12D-D726-47DC-B861-8DC344EBA150}.Debug|x64.ActiveCfg = Debug|Any CPU
		{F27BC12D-D726-47DC-B861-8DC344EBA150}.Debug|x64.Build.0 = Debug|Any CPU
		{F27BC12D-D726-47DC-B861-8DC344EBA150}.Debug|x86.ActiveCfg = Debug|Any CPU
		{F27BC12D-D726-47DC-B861-8DC344EBA150}.Debug|x86.Build.0 = Debug|Any CPU
		{F27BC12D-D726-47DC-B861-8DC344EBA150}.Release|Any CPU.ActiveCfg = Release|Any CPU
		{F27BC12D-D726-47DC-B861-8DC344EBA150}.Release|Any CPU.Build.0 = Release|Any CPU
		{F27BC12D-D726-47DC-B861-8DC344EBA150}.Release|x64.ActiveCfg = Release|Any CPU
		{F27BC12D-D726-47DC-B861-8DC344EBA150}.Release|x64.Build.0 = Release|Any CPU
		{F27BC12D-D726-47DC-B861-8DC344EBA150}.Release|x86.ActiveCfg = Release|Any CPU
		{F27BC12D-D726-47DC-B861-8DC344EBA150}.Release|x86.Build.0 = Release|Any CPU
	EndGlobalSection
	GlobalSection(SolutionProperties) = preSolution
		HideSolutionNode = FALSE
	EndGlobalSection
	GlobalSection(NestedProjects) = preSolution
		{B8BE9BEB-6117-4126-AA7C-7D856B68CA24} = {827E0CD3-B72D-47B6-A68D-7590B98EB39B}
		{46F8E394-9BD7-4580-A2F8-BDB99F9DCFF4} = {827E0CD3-B72D-47B6-A68D-7590B98EB39B}
		{65A9CB4A-E09A-4159-A863-E43165108683} = {827E0CD3-B72D-47B6-A68D-7590B98EB39B}
		{B6B6A118-1871-43A4-A0E0-2BEB5CAEA463} = {827E0CD3-B72D-47B6-A68D-7590B98EB39B}
		{F27BC12D-D726-47DC-B861-8DC344EBA150} = {827E0CD3-B72D-47B6-A68D-7590B98EB39B}
	EndGlobalSection
EndGlobal
