{
  "version": 1,
  "dependencies": {
    "net9.0": {
      "PacketDotNet": {
        "type": "Transitive",
        "resolved": "1.4.7",
        "contentHash": "xh4MGjkDFhJfFtAr6IEwg3ocPm3TO0/AxbYeCVoh9BaVT0xeWJB1p0nwKQ9olsQiQtSqF8M0UXz97U2VnOYY0w==",
        "dependencies": {
          "System.Runtime.CompilerServices.Unsafe": "6.0.0"
        }
      },
      "SharpPcap": {
        "type": "Transitive",
        "resolved": "6.3.0",
        "contentHash": "9tFnPgVYWJj/6fQRFLV34n0Uh9SLwi2zkQ/dPaxx8ZoNuPm1XuJU731qWMsMJlwQD6FL0AFeQpRj7zXLV8iu1Q==",
        "dependencies": {
          "PacketDotNet": "1.4.7",
          "System.Memory": "4.5.5",
          "System.Text.Encoding.CodePages": "6.0.0"
        }
      },
      "System.Memory": {
        "type": "Transitive",
        "resolved": "4.5.5",
        "contentHash": "XIWiDvKPXaTveaB7HVganDlOCRoj03l+jrwNvcge/t8vhGYKvqV+dMv6G4SAX2NoNmN0wZfVPTAlFwZcZvVOUw=="
      },
      "System.Runtime.CompilerServices.Unsafe": {
        "type": "Transitive",
        "resolved": "6.0.0",
        "contentHash": "/iUeP3tq1S0XdNNoMz5C9twLSrM/TH+qElHkXWaPvuNOt+99G75NrV0OS2EqHx5wMN7popYjpc8oTjC1y16DLg=="
      },
      "System.Text.Encoding.CodePages": {
        "type": "Transitive",
        "resolved": "6.0.0",
        "contentHash": "ZFCILZuOvtKPauZ/j/swhvw68ZRi9ATCfvGbk1QfydmcXBkIWecWKn/250UH7rahZ5OoDBaiAudJtPvLwzw85A==",
        "dependencies": {
          "System.Runtime.CompilerServices.Unsafe": "6.0.0"
        }
      },
      "dpsmeter.core": {
        "type": "Project"
      },
      "dpsmeter.engine": {
        "type": "Project",
        "dependencies": {
          "DPSMeter.Core": "[1.0.0, )",
          "PacketDotNet": "[1.4.7, )",
          "SharpPcap": "[6.3.0, )"
        }
      }
    }
  }
}